
Microsoft Visual Studio Solution File, Format Version 12.00
# Visual Studio Version 16
VisualStudioVersion = 16.0.30128.74
MinimumVisualStudioVersion = 10.0.40219.1
Project("{9A19103F-16F7-4668-BE54-9A1E7A4F7556}") = "IoTEventHub", "IoTEventHub\IoTEventHub.csproj", "{E6CCB1FA-CBB3-4BDD-A5CE-F44622E78CD6}"
EndProject
Project("{2150E333-8FDC-42A3-9474-1A3956D46DE8}") = "Solution Items", "Solution Items", "{F07D103B-F1B0-45B6-95AC-1B58BA63B604}"
	ProjectSection(SolutionItems) = preProject
		.editorconfig = .editorconfig
	EndProjectSection
EndProject
Project("{9A19103F-16F7-4668-BE54-9A1E7A4F7556}") = "IoTEventHub.Web", "IoTEventHub.Web\IoTEventHub.Web.csproj", "{AD07C920-71D4-427B-97D4-8280539B31DF}"
EndProject
Project("{9A19103F-16F7-4668-BE54-9A1E7A4F7556}") = "IoTEventHub.Common", "IoTEventHub.Common\IoTEventHub.Common.csproj", "{95D534EA-11FF-4251-9A26-A33024EE2A61}"
EndProject
Project("{FAE04EC0-301F-11D3-BF4B-00C04F79EFBC}") = "IoTEventHub.Console", "IoTEventHub.Console\IoTEventHub.Console.csproj", "{5A9622CC-C0CC-4856-93C3-98BCC17546B0}"
EndProject
Global
	GlobalSection(SolutionConfigurationPlatforms) = preSolution
		Debug|Any CPU = Debug|Any CPU
		Release|Any CPU = Release|Any CPU
	EndGlobalSection
	GlobalSection(ProjectConfigurationPlatforms) = postSolution
		{E6CCB1FA-CBB3-4BDD-A5CE-F44622E78CD6}.Debug|Any CPU.ActiveCfg = Debug|Any CPU
		{E6CCB1FA-CBB3-4BDD-A5CE-F44622E78CD6}.Debug|Any CPU.Build.0 = Debug|Any CPU
		{E6CCB1FA-CBB3-4BDD-A5CE-F44622E78CD6}.Release|Any CPU.ActiveCfg = Release|Any CPU
		{E6CCB1FA-CBB3-4BDD-A5CE-F44622E78CD6}.Release|Any CPU.Build.0 = Release|Any CPU
		{AD07C920-71D4-427B-97D4-8280539B31DF}.Debug|Any CPU.ActiveCfg = Debug|Any CPU
		{AD07C920-71D4-427B-97D4-8280539B31DF}.Debug|Any CPU.Build.0 = Debug|Any CPU
		{AD07C920-71D4-427B-97D4-8280539B31DF}.Release|Any CPU.ActiveCfg = Release|Any CPU
		{AD07C920-71D4-427B-97D4-8280539B31DF}.Release|Any CPU.Build.0 = Release|Any CPU
		{95D534EA-11FF-4251-9A26-A33024EE2A61}.Debug|Any CPU.ActiveCfg = Debug|Any CPU
		{95D534EA-11FF-4251-9A26-A33024EE2A61}.Debug|Any CPU.Build.0 = Debug|Any CPU
		{95D534EA-11FF-4251-9A26-A33024EE2A61}.Release|Any CPU.ActiveCfg = Release|Any CPU
		{95D534EA-11FF-4251-9A26-A33024EE2A61}.Release|Any CPU.Build.0 = Release|Any CPU
		{5A9622CC-C0CC-4856-93C3-98BCC17546B0}.Debug|Any CPU.ActiveCfg = Debug|Any CPU
		{5A9622CC-C0CC-4856-93C3-98BCC17546B0}.Debug|Any CPU.Build.0 = Debug|Any CPU
		{5A9622CC-C0CC-4856-93C3-98BCC17546B0}.Release|Any CPU.ActiveCfg = Release|Any CPU
		{5A9622CC-C0CC-4856-93C3-98BCC17546B0}.Release|Any CPU.Build.0 = Release|Any CPU
	EndGlobalSection
	GlobalSection(SolutionProperties) = preSolution
		HideSolutionNode = FALSE
	EndGlobalSection
	GlobalSection(ExtensibilityGlobals) = postSolution
		SolutionGuid = {212E0955-C218-47A4-9100-D72334F15721}
	EndGlobalSection
EndGlobal
